
Microsoft Visual Studio Solution File, Format Version 12.00
# Visual Studio Version 17
VisualStudioVersion = 17.0.32014.148
MinimumVisualStudioVersion = 10.0.40219.1
Project("{9A19103F-16F7-4668-BE54-9A1E7A4F7556}") = "Geek.Server.App", "Geek.Server.App\Geek.Server.App.csproj", "{835335CB-D99B-4CB9-99D3-A7883306E723}"
EndProject
Project("{9A19103F-16F7-4668-BE54-9A1E7A4F7556}") = "Geek.Server.Core", "Geek.Server.Core\Geek.Server.Core.csproj", "{E3C7010E-B262-473C-9EC1-69396C5D85A7}"
EndProject
Project("{9A19103F-16F7-4668-BE54-9A1E7A4F7556}") = "Geek.Server.Hotfix", "Geek.Server.Hotfix\Geek.Server.Hotfix.csproj", "{E47F7B43-E435-4B9E-AD10-1FE0D19F45CF}"
EndProject
Project("{9A19103F-16F7-4668-BE54-9A1E7A4F7556}") = "Geek.Server.TestPressure", "Geek.Server.TestPressure\Geek.Server.TestPressure.csproj", "{BF726B95-BC72-471C-891B-516920E14C1F}"
EndProject
Project("{9A19103F-16F7-4668-BE54-9A1E7A4F7556}") = "Geek.Server.Generate", "Geek.Server.Generate\Geek.Server.Generate.csproj", "{E664BD69-1FCC-45D9-925D-B1268370E076}"
EndProject
Project("{9A19103F-16F7-4668-BE54-9A1E7A4F7556}") = "Geek.Server.CodeGenerator", "Geek.Server.CodeGenerator\Geek.Server.CodeGenerator.csproj", "{3C43CD22-AF8C-432D-A601-EB657D625A86}"
EndProject
Project("{9A19103F-16F7-4668-BE54-9A1E7A4F7556}") = "Geek.Server.Proto", "Geek.Server.Proto\Geek.Server.Proto.csproj", "{F92D52B5-642D-4596-A8BE-5A56D2BCE593}"
EndProject
Global
	GlobalSection(SolutionConfigurationPlatforms) = preSolution
		Debug|Any CPU = Debug|Any CPU
		Release|Any CPU = Release|Any CPU
	EndGlobalSection
	GlobalSection(ProjectConfigurationPlatforms) = postSolution
		{835335CB-D99B-4CB9-99D3-A7883306E723}.Debug|Any CPU.ActiveCfg = Debug|Any CPU
		{835335CB-D99B-4CB9-99D3-A7883306E723}.Debug|Any CPU.Build.0 = Debug|Any CPU
		{835335CB-D99B-4CB9-99D3-A7883306E723}.Release|Any CPU.ActiveCfg = Release|Any CPU
		{835335CB-D99B-4CB9-99D3-A7883306E723}.Release|Any CPU.Build.0 = Release|Any CPU
		{E3C7010E-B262-473C-9EC1-69396C5D85A7}.Debug|Any CPU.ActiveCfg = Debug|Any CPU
		{E3C7010E-B262-473C-9EC1-69396C5D85A7}.Debug|Any CPU.Build.0 = Debug|Any CPU
		{E3C7010E-B262-473C-9EC1-69396C5D85A7}.Release|Any CPU.ActiveCfg = Release|Any CPU
		{E3C7010E-B262-473C-9EC1-69396C5D85A7}.Release|Any CPU.Build.0 = Release|Any CPU
		{E47F7B43-E435-4B9E-AD10-1FE0D19F45CF}.Debug|Any CPU.ActiveCfg = Debug|Any CPU
		{E47F7B43-E435-4B9E-AD10-1FE0D19F45CF}.Debug|Any CPU.Build.0 = Debug|Any CPU
		{E47F7B43-E435-4B9E-AD10-1FE0D19F45CF}.Release|Any CPU.ActiveCfg = Release|Any CPU
		{E47F7B43-E435-4B9E-AD10-1FE0D19F45CF}.Release|Any CPU.Build.0 = Release|Any CPU
		{BF726B95-BC72-471C-891B-516920E14C1F}.Debug|Any CPU.ActiveCfg = Debug|Any CPU
		{BF726B95-BC72-471C-891B-516920E14C1F}.Debug|Any CPU.Build.0 = Debug|Any CPU
		{BF726B95-BC72-471C-891B-516920E14C1F}.Release|Any CPU.ActiveCfg = Release|Any CPU
		{BF726B95-BC72-471C-891B-516920E14C1F}.Release|Any CPU.Build.0 = Release|Any CPU
		{E664BD69-1FCC-45D9-925D-B1268370E076}.Debug|Any CPU.ActiveCfg = Debug|Any CPU
		{E664BD69-1FCC-45D9-925D-B1268370E076}.Debug|Any CPU.Build.0 = Debug|Any CPU
		{E664BD69-1FCC-45D9-925D-B1268370E076}.Release|Any CPU.ActiveCfg = Release|Any CPU
		{E664BD69-1FCC-45D9-925D-B1268370E076}.Release|Any CPU.Build.0 = Release|Any CPU
		{3C43CD22-AF8C-432D-A601-EB657D625A86}.Debug|Any CPU.ActiveCfg = Debug|Any CPU
		{3C43CD22-AF8C-432D-A601-EB657D625A86}.Debug|Any CPU.Build.0 = Debug|Any CPU
		{3C43CD22-AF8C-432D-A601-EB657D625A86}.Release|Any CPU.ActiveCfg = Release|Any CPU
		{3C43CD22-AF8C-432D-A601-EB657D625A86}.Release|Any CPU.Build.0 = Release|Any CPU
		{F92D52B5-642D-4596-A8BE-5A56D2BCE593}.Debug|Any CPU.ActiveCfg = Debug|Any CPU
		{F92D52B5-642D-4596-A8BE-5A56D2BCE593}.Debug|Any CPU.Build.0 = Debug|Any CPU
		{F92D52B5-642D-4596-A8BE-5A56D2BCE593}.Release|Any CPU.ActiveCfg = Release|Any CPU
		{F92D52B5-642D-4596-A8BE-5A56D2BCE593}.Release|Any CPU.Build.0 = Release|Any CPU
	EndGlobalSection
	GlobalSection(SolutionProperties) = preSolution
		HideSolutionNode = FALSE
	EndGlobalSection
	GlobalSection(ExtensibilityGlobals) = postSolution
		SolutionGuid = {7DFBA9A0-D615-4A16-B856-216DEA0DD25D}
	EndGlobalSection
EndGlobal
