{
  "name": "cocos_demo",
  "lockfileVersion": 2,
  "requires": true,
  "packages": {
    "": {
      "name": "cocos_demo",
      "dependencies": {
        "@msgpack/msgpack": "^3.0.0-beta2"
      }
    },
    "node_modules/@msgpack/msgpack": {
      "version": "3.0.0-beta2",
      "resolved": "https://registry.npmjs.org/@msgpack/msgpack/-/msgpack-3.0.0-beta2.tgz",
      "integrity": "sha512-y+l1PNV0XDyY8sM3YtuMLK5vE3/hkfId+Do8pLo/OPxfxuFAUwcGz3oiiUuV46/aBpwTzZ+mRWVMtlSKbradhw==",
      "engines": {
        "node": ">= 14"
      }
    }
  },
  "dependencies": {
    "@msgpack/msgpack": {
      "version": "3.0.0-beta2",
      "resolved": "https://registry.npmjs.org/@msgpack/msgpack/-/msgpack-3.0.0-beta2.tgz",
      "integrity": "sha512-y+l1PNV0XDyY8sM3YtuMLK5vE3/hkfId+Do8pLo/OPxfxuFAUwcGz3oiiUuV46/aBpwTzZ+mRWVMtlSKbradhw=="
    }
  }
}
